
Microsoft Visual Studio Solution File, Format Version 12.00
# Visual Studio Version 17
VisualStudioVersion = 17.14.36930.0 d17.14
MinimumVisualStudioVersion = 10.0.40219.1
Project("{FAE04EC0-301F-11D3-BF4B-00C04F79EFBC}") = "Genius", "Genius\Genius.csproj", "{8AAEDB03-6A04-4B91-ABFB-996C64653A23}"
EndProject
Global
	GlobalSection(SolutionConfigurationPlatforms) = preSolution
		Debug|Any CPU = Debug|Any CPU
		Release|Any CPU = Release|Any CPU
	EndGlobalSection
	GlobalSection(ProjectConfigurationPlatforms) = postSolution
		{8AAEDB03-6A04-4B91-ABFB-996C64653A23}.Debug|Any CPU.ActiveCfg = Debug|Any CPU
		{8AAEDB03-6A04-4B91-ABFB-996C64653A23}.Debug|Any CPU.Build.0 = Debug|Any CPU
		{8AAEDB03-6A04-4B91-ABFB-996C64653A23}.Release|Any CPU.ActiveCfg = Release|Any CPU
		{8AAEDB03-6A04-4B91-ABFB-996C64653A23}.Release|Any CPU.Build.0 = Release|Any CPU
	EndGlobalSection
	GlobalSection(SolutionProperties) = preSolution
		HideSolutionNode = FALSE
	EndGlobalSection
	GlobalSection(ExtensibilityGlobals) = postSolution
		SolutionGuid = {0ED606D3-AEB4-40EB-BD92-42F920965C13}
	EndGlobalSection
EndGlobal
